
Microsoft Visual Studio Solution File, Format Version 12.00
# Visual Studio 14
VisualStudioVersion = 14.0.24720.0
MinimumVisualStudioVersion = 10.0.40219.1
Project("{FAE04EC0-301F-11D3-BF4B-00C04F79EFBC}") = "Shapes", "Shapes\Shapes.csproj", "{39A6899E-7AC7-431F-A359-1B315604024C}"
EndProject
Project("{FAE04EC0-301F-11D3-BF4B-00C04F79EFBC}") = "ShapesTests", "ShapesTests\ShapesTests.csproj", "{774C050A-851D-44C5-9000-A0F1EB4FCC0A}"
EndProject
Global
	GlobalSection(SolutionConfigurationPlatforms) = preSolution
		Debug|Any CPU = Debug|Any CPU
		Release|Any CPU = Release|Any CPU
	EndGlobalSection
	GlobalSection(ProjectConfigurationPlatforms) = postSolution
		{39A6899E-7AC7-431F-A359-1B315604024C}.Debug|Any CPU.ActiveCfg = Debug|Any CPU
		{39A6899E-7AC7-431F-A359-1B315604024C}.Debug|Any CPU.Build.0 = Debug|Any CPU
		{39A6899E-7AC7-431F-A359-1B315604024C}.Release|Any CPU.ActiveCfg = Release|Any CPU
		{39A6899E-7AC7-431F-A359-1B315604024C}.Release|Any CPU.Build.0 = Release|Any CPU
		{774C050A-851D-44C5-9000-A0F1EB4FCC0A}.Debug|Any CPU.ActiveCfg = Debug|Any CPU
		{774C050A-851D-44C5-9000-A0F1EB4FCC0A}.Debug|Any CPU.Build.0 = Debug|Any CPU
		{774C050A-851D-44C5-9000-A0F1EB4FCC0A}.Release|Any CPU.ActiveCfg = Release|Any CPU
		{774C050A-851D-44C5-9000-A0F1EB4FCC0A}.Release|Any CPU.Build.0 = Release|Any CPU
	EndGlobalSection
	GlobalSection(SolutionProperties) = preSolution
		HideSolutionNode = FALSE
	EndGlobalSection
EndGlobal
